
Microsoft Visual Studio Solution File, Format Version 12.00
# Visual Studio Version 17
VisualStudioVersion = 17.5.33414.496
MinimumVisualStudioVersion = 10.0.40219.1
Project("{8BC9CEB8-8B4A-11D0-8D11-00A0C91BC942}") = "problemMultiWaris", "problemMultiWaris\problemMultiWaris.vcxproj", "{F96B64D4-F875-43DD-B1ED-0331D4DA8C98}"
EndProject
Project("{8BC9CEB8-8B4A-11D0-8D11-00A0C91BC942}") = "solveMultiWaris", "solveMultiWaris\solveMultiWaris.vcxproj", "{27E4D436-0B47-41E7-BCDF-7A2F8B952EE5}"
EndProject
Project("{8BC9CEB8-8B4A-11D0-8D11-00A0C91BC942}") = "polimorpi", "polimorpi\polimorpi.vcxproj", "{BC6DBF6C-CAAD-462F-B6E6-A236B9FC9BB5}"
EndProject
Project("{8BC9CEB8-8B4A-11D0-8D11-00A0C91BC942}") = "NoOverridding", "NoOverridding\NoOverridding.vcxproj", "{7EEF76CE-7498-4350-BF10-5E36C4F9AC09}"
EndProject
Project("{8BC9CEB8-8B4A-11D0-8D11-00A0C91BC942}") = "NoPewarisan", "NoPewarisan\NoPewarisan.vcxproj", "{4D3B3D9C-0976-4FB2-A446-78C7DED19B64}"
EndProject
Project("{8BC9CEB8-8B4A-11D0-8D11-00A0C91BC942}") = "enkapsulasi", "enkapsulasi\enkapsulasi.vcxproj", "{BBB3AD5F-3003-46B3-9EF4-92EF415DDE9F}"
EndProject
Global
	GlobalSection(SolutionConfigurationPlatforms) = preSolution
		Debug|x64 = Debug|x64
		Debug|x86 = Debug|x86
		Release|x64 = Release|x64
		Release|x86 = Release|x86
	EndGlobalSection
	GlobalSection(ProjectConfigurationPlatforms) = postSolution
		{F96B64D4-F875-43DD-B1ED-0331D4DA8C98}.Debug|x64.ActiveCfg = Debug|x64
		{F96B64D4-F875-43DD-B1ED-0331D4DA8C98}.Debug|x64.Build.0 = Debug|x64
		{F96B64D4-F875-43DD-B1ED-0331D4DA8C98}.Debug|x86.ActiveCfg = Debug|Win32
		{F96B64D4-F875-43DD-B1ED-0331D4DA8C98}.Debug|x86.Build.0 = Debug|Win32
		{F96B64D4-F875-43DD-B1ED-0331D4DA8C98}.Release|x64.ActiveCfg = Release|x64
		{F96B64D4-F875-43DD-B1ED-0331D4DA8C98}.Release|x64.Build.0 = Release|x64
		{F96B64D4-F875-43DD-B1ED-0331D4DA8C98}.Release|x86.ActiveCfg = Release|Win32
		{F96B64D4-F875-43DD-B1ED-0331D4DA8C98}.Release|x86.Build.0 = Release|Win32
		{27E4D436-0B47-41E7-BCDF-7A2F8B952EE5}.Debug|x64.ActiveCfg = Debug|x64
		{27E4D436-0B47-41E7-BCDF-7A2F8B952EE5}.Debug|x64.Build.0 = Debug|x64
		{27E4D436-0B47-41E7-BCDF-7A2F8B952EE5}.Debug|x86.ActiveCfg = Debug|Win32
		{27E4D436-0B47-41E7-BCDF-7A2F8B952EE5}.Debug|x86.Build.0 = Debug|Win32
		{27E4D436-0B47-41E7-BCDF-7A2F8B952EE5}.Release|x64.ActiveCfg = Release|x64
		{27E4D436-0B47-41E7-BCDF-7A2F8B952EE5}.Release|x64.Build.0 = Release|x64
		{27E4D436-0B47-41E7-BCDF-7A2F8B952EE5}.Release|x86.ActiveCfg = Release|Win32
		{27E4D436-0B47-41E7-BCDF-7A2F8B952EE5}.Release|x86.Build.0 = Release|Win32
		{BC6DBF6C-CAAD-462F-B6E6-A236B9FC9BB5}.Debug|x64.ActiveCfg = Debug|x64
		{BC6DBF6C-CAAD-462F-B6E6-A236B9FC9BB5}.Debug|x64.Build.0 = Debug|x64
		{BC6DBF6C-CAAD-462F-B6E6-A236B9FC9BB5}.Debug|x86.ActiveCfg = Debug|Win32
		{BC6DBF6C-CAAD-462F-B6E6-A236B9FC9BB5}.Debug|x86.Build.0 = Debug|Win32
		{BC6DBF6C-CAAD-462F-B6E6-A236B9FC9BB5}.Release|x64.ActiveCfg = Release|x64
		{BC6DBF6C-CAAD-462F-B6E6-A236B9FC9BB5}.Release|x64.Build.0 = Release|x64
		{BC6DBF6C-CAAD-462F-B6E6-A236B9FC9BB5}.Release|x86.ActiveCfg = Release|Win32
		{BC6DBF6C-CAAD-462F-B6E6-A236B9FC9BB5}.Release|x86.Build.0 = Release|Win32
		{7EEF76CE-7498-4350-BF10-5E36C4F9AC09}.Debug|x64.ActiveCfg = Debug|x64
		{7EEF76CE-7498-4350-BF10-5E36C4F9AC09}.Debug|x64.Build.0 = Debug|x64
		{7EEF76CE-7498-4350-BF10-5E36C4F9AC09}.Debug|x86.ActiveCfg = Debug|Win32
		{7EEF76CE-7498-4350-BF10-5E36C4F9AC09}.Debug|x86.Build.0 = Debug|Win32
		{7EEF76CE-7498-4350-BF10-5E36C4F9AC09}.Release|x64.ActiveCfg = Release|x64
		{7EEF76CE-7498-4350-BF10-5E36C4F9AC09}.Release|x64.Build.0 = Release|x64
		{7EEF76CE-7498-4350-BF10-5E36C4F9AC09}.Release|x86.ActiveCfg = Release|Win32
		{7EEF76CE-7498-4350-BF10-5E36C4F9AC09}.Release|x86.Build.0 = Release|Win32
		{4D3B3D9C-0976-4FB2-A446-78C7DED19B64}.Debug|x64.ActiveCfg = Debug|x64
		{4D3B3D9C-0976-4FB2-A446-78C7DED19B64}.Debug|x64.Build.0 = Debug|x64
		{4D3B3D9C-0976-4FB2-A446-78C7DED19B64}.Debug|x86.ActiveCfg = Debug|Win32
		{4D3B3D9C-0976-4FB2-A446-78C7DED19B64}.Debug|x86.Build.0 = Debug|Win32
		{4D3B3D9C-0976-4FB2-A446-78C7DED19B64}.Release|x64.ActiveCfg = Release|x64
		{4D3B3D9C-0976-4FB2-A446-78C7DED19B64}.Release|x64.Build.0 = Release|x64
		{4D3B3D9C-0976-4FB2-A446-78C7DED19B64}.Release|x86.ActiveCfg = Release|Win32
		{4D3B3D9C-0976-4FB2-A446-78C7DED19B64}.Release|x86.Build.0 = Release|Win32
		{BBB3AD5F-3003-46B3-9EF4-92EF415DDE9F}.Debug|x64.ActiveCfg = Debug|x64
		{BBB3AD5F-3003-46B3-9EF4-92EF415DDE9F}.Debug|x64.Build.0 = Debug|x64
		{BBB3AD5F-3003-46B3-9EF4-92EF415DDE9F}.Debug|x86.ActiveCfg = Debug|Win32
		{BBB3AD5F-3003-46B3-9EF4-92EF415DDE9F}.Debug|x86.Build.0 = Debug|Win32
		{BBB3AD5F-3003-46B3-9EF4-92EF415DDE9F}.Release|x64.ActiveCfg = Release|x64
		{BBB3AD5F-3003-46B3-9EF4-92EF415DDE9F}.Release|x64.Build.0 = Release|x64
		{BBB3AD5F-3003-46B3-9EF4-92EF415DDE9F}.Release|x86.ActiveCfg = Release|Win32
		{BBB3AD5F-3003-46B3-9EF4-92EF415DDE9F}.Release|x86.Build.0 = Release|Win32
	EndGlobalSection
	GlobalSection(SolutionProperties) = preSolution
		HideSolutionNode = FALSE
	EndGlobalSection
	GlobalSection(ExtensibilityGlobals) = postSolution
		SolutionGuid = {ADD8022A-0E4B-4EC2-8506-275EFF52EF44}
	EndGlobalSection
EndGlobal
